<?xml version="1.0" encoding="UTF-8"?>
<Scheme
   LastUpgradeVersion = "1500"
   version = "1.7">
   <BuildAction
      parallelizeBuildables = "YES"
      buildImplicitDependencies = "YES">
      <BuildActionEntries>
         <BuildActionEntry
            buildForTesting = "YES"
            buildForRunning = "YES"
            buildForProfiling = "YES"
            buildForArchiving = "YES"
            buildForAnalyzing = "YES">
            <BuildableReference
               BuildableIdentifier = "primary"
               BlueprintIdentifier = "BF7559E62BA2AFC500F887DF"
               BuildableName = "dynadump"
               BlueprintName = "dynadump"
               ReferencedContainer = "container:dynadump.xcodeproj">
            </BuildableReference>
         </BuildActionEntry>
      </BuildActionEntries>
   </BuildAction>
   <TestAction
      buildConfiguration = "Debug"
      selectedDebuggerIdentifier = "Xcode.DebuggerFoundation.Debugger.LLDB"
      selectedLauncherIdentifier = "Xcode.DebuggerFoundation.Launcher.LLDB"
      shouldUseLaunchSchemeArgsEnv = "YES"
      shouldAutocreateTestPlan = "YES">
   </TestAction>
   <LaunchAction
      buildConfiguration = "Debug"
      selectedDebuggerIdentifier = "Xcode.DebuggerFoundation.Debugger.LLDB"
      selectedLauncherIdentifier = "Xcode.DebuggerFoundation.Launcher.LLDB"
      launchStyle = "0"
      useCustomWorkingDirectory = "NO"
      ignoresPersistentStateOnLaunch = "NO"
      debugDocumentVersioning = "YES"
      debugServiceExtension = "internal"
      allowLocationSimulation = "YES"
      viewDebuggingEnabled = "No">
      <BuildableProductRunnable
         runnableDebuggingMode = "0">
         <BuildableReference
            BuildableIdentifier = "primary"
            BlueprintIdentifier = "BF7559E62BA2AFC500F887DF"
            BuildableName = "dynadump"
            BlueprintName = "dynadump"
            ReferencedContainer = "container:dynadump.xcodeproj">
         </BuildableReference>
      </BuildableProductRunnable>
      <CommandLineArguments>
         <CommandLineArgument
            argument = "list"
            isEnabled = "NO">
         </CommandLineArgument>
         <CommandLineArgument
            argument = "dump CoreMotion CMDeviceOrientationManager"
            isEnabled = "NO">
         </CommandLineArgument>
         <CommandLineArgument
            argument = "dump /System/Library/Frameworks/Foundation.framework/Versions/C/Foundation"
            isEnabled = "NO">
         </CommandLineArgument>
         <CommandLineArgument
            argument = "sig v16@?0@&quot;NSString&quot;8"
            isEnabled = "NO">
         </CommandLineArgument>
         <CommandLineArgument
            argument = "dump &quot;/Applications/Prime Video.app/Contents/MacOS/Prime Video&quot;"
            isEnabled = "YES">
         </CommandLineArgument>
         <CommandLineArgument
            argument = "sign /tmp/yolo"
            isEnabled = "NO">
         </CommandLineArgument>
         <CommandLineArgument
            argument = "dump /tmp/yolo"
            isEnabled = "NO">
         </CommandLineArgument>
         <CommandLineArgument
            argument = "dump CoreFoundation"
            isEnabled = "NO">
         </CommandLineArgument>
         <CommandLineArgument
            argument = "dump /usr/local/bin/mobdevim"
            isEnabled = "NO">
         </CommandLineArgument>
         <CommandLineArgument
            argument = "cls NSFileManager"
            isEnabled = "NO">
         </CommandLineArgument>
         <CommandLineArgument
            argument = "dsc 2149"
            isEnabled = "NO">
         </CommandLineArgument>
      </CommandLineArguments>
      <EnvironmentVariables>
         <EnvironmentVariable
            key = "NOCOLOR"
            value = ""
            isEnabled = "YES">
         </EnvironmentVariable>
         <EnvironmentVariable
            key = "DEBUG"
            value = ""
            isEnabled = "YES">
         </EnvironmentVariable>
         <EnvironmentVariable
            key = "NOEXC"
            value = ""
            isEnabled = "YES">
         </EnvironmentVariable>
         <EnvironmentVariable
            key = "VERBOSE"
            value = "1"
            isEnabled = "YES">
         </EnvironmentVariable>
      </EnvironmentVariables>
   </LaunchAction>
   <ProfileAction
      buildConfiguration = "Release"
      shouldUseLaunchSchemeArgsEnv = "YES"
      savedToolIdentifier = ""
      useCustomWorkingDirectory = "NO"
      debugDocumentVersioning = "YES">
      <BuildableProductRunnable
         runnableDebuggingMode = "0">
         <BuildableReference
            BuildableIdentifier = "primary"
            BlueprintIdentifier = "BF7559E62BA2AFC500F887DF"
            BuildableName = "dynadump"
            BlueprintName = "dynadump"
            ReferencedContainer = "container:dynadump.xcodeproj">
         </BuildableReference>
      </BuildableProductRunnable>
   </ProfileAction>
   <AnalyzeAction
      buildConfiguration = "Debug">
   </AnalyzeAction>
   <ArchiveAction
      buildConfiguration = "Release"
      revealArchiveInOrganizer = "YES">
   </ArchiveAction>
</Scheme>
